<<<<<<< HEAD
﻿
Microsoft Visual Studio Solution File, Format Version 12.00
# Visual Studio Version 17
VisualStudioVersion = 17.0.31903.59
MinimumVisualStudioVersion = 10.0.40219.1
Project("{FAE04EC0-301F-11D3-BF4B-00C04F79EFBC}") = "JH_DataAnalyzer", "src\JH_DataAnalyzer.csproj", "{5DAEE0CE-E2F6-42AD-A29C-75336B23278C}"
EndProject
Project("{2150E333-8FDC-42A3-9474-1A3956D46DE8}") = "tests", "tests", "{43EFFD87-485C-42FF-96A3-630BB7ACC604}"
EndProject
Project("{FAE04EC0-301F-11D3-BF4B-00C04F79EFBC}") = "JH_DataAnalyzer.Tests", "tests\JH_DataAnalyzer.Tests\JH_DataAnalyzer.Tests.csproj", "{2B112519-2901-4137-AF20-6E7BB809293C}"
=======
<<<<<<< HEAD
﻿Microsoft Visual Studio Solution File, Format Version 12.00
# Visual Studio Version 17
VisualStudioVersion = 17.9.34622.214
MinimumVisualStudioVersion = 10.0.40219.1
Project("{FAE04EC0-301F-11D3-BF4B-00C04F79EFBC}") = "JH_DataAnalyzer", "src\JH_DataAnalyzer.csproj", "{916DA7E2-EE8C-4F57-84BE-344AE87ABC30}"
EndProject
Project("{2150E333-8FDC-42A3-9474-1A3956D46DE8}") = "tests", "tests", "{C257FDBB-FAD2-48D3-87BB-75D7FF7AA57B}"
EndProject
Project("{FAE04EC0-301F-11D3-BF4B-00C04F79EFBC}") = "JH_DataAnalyzer.Tests", "tests\JH_DataAnalyzer.Tests\JH_DataAnalyzer.Tests.csproj", "{13E9A993-0551-4F60-B455-E46A4F9876D6}"
>>>>>>> 72bd1ab45b7a7aa97ea1c45d04c67c83e215162e
EndProject
Global
	GlobalSection(SolutionConfigurationPlatforms) = preSolution
		Debug|Any CPU = Debug|Any CPU
		Release|Any CPU = Release|Any CPU
	EndGlobalSection
<<<<<<< HEAD
	GlobalSection(SolutionProperties) = preSolution
		HideSolutionNode = FALSE
	EndGlobalSection
	GlobalSection(ProjectConfigurationPlatforms) = postSolution
		{5DAEE0CE-E2F6-42AD-A29C-75336B23278C}.Debug|Any CPU.ActiveCfg = Debug|Any CPU
		{5DAEE0CE-E2F6-42AD-A29C-75336B23278C}.Debug|Any CPU.Build.0 = Debug|Any CPU
		{5DAEE0CE-E2F6-42AD-A29C-75336B23278C}.Release|Any CPU.ActiveCfg = Release|Any CPU
		{5DAEE0CE-E2F6-42AD-A29C-75336B23278C}.Release|Any CPU.Build.0 = Release|Any CPU
		{2B112519-2901-4137-AF20-6E7BB809293C}.Debug|Any CPU.ActiveCfg = Debug|Any CPU
		{2B112519-2901-4137-AF20-6E7BB809293C}.Debug|Any CPU.Build.0 = Debug|Any CPU
		{2B112519-2901-4137-AF20-6E7BB809293C}.Release|Any CPU.ActiveCfg = Release|Any CPU
		{2B112519-2901-4137-AF20-6E7BB809293C}.Release|Any CPU.Build.0 = Release|Any CPU
	EndGlobalSection
	GlobalSection(NestedProjects) = preSolution
		{2B112519-2901-4137-AF20-6E7BB809293C} = {43EFFD87-485C-42FF-96A3-630BB7ACC604}
	EndGlobalSection
EndGlobal
=======
	GlobalSection(ProjectConfigurationPlatforms) = postSolution
		{916DA7E2-EE8C-4F57-84BE-344AE87ABC30}.Debug|Any CPU.ActiveCfg = Debug|Any CPU
		{916DA7E2-EE8C-4F57-84BE-344AE87ABC30}.Debug|Any CPU.Build.0 = Debug|Any CPU
		{916DA7E2-EE8C-4F57-84BE-344AE87ABC30}.Release|Any CPU.ActiveCfg = Release|Any CPU
		{916DA7E2-EE8C-4F57-84BE-344AE87ABC30}.Release|Any CPU.Build.0 = Release|Any CPU
		{13E9A993-0551-4F60-B455-E46A4F9876D6}.Debug|Any CPU.ActiveCfg = Debug|Any CPU
		{13E9A993-0551-4F60-B455-E46A4F9876D6}.Debug|Any CPU.Build.0 = Debug|Any CPU
		{13E9A993-0551-4F60-B455-E46A4F9876D6}.Release|Any CPU.ActiveCfg = Release|Any CPU
		{13E9A993-0551-4F60-B455-E46A4F9876D6}.Release|Any CPU.Build.0 = Release|Any CPU
	EndGlobalSection
	GlobalSection(SolutionProperties) = preSolution
		HideSolutionNode = FALSE
	EndGlobalSection
	GlobalSection(NestedProjects) = preSolution
		{13E9A993-0551-4F60-B455-E46A4F9876D6} = {C257FDBB-FAD2-48D3-87BB-75D7FF7AA57B}
	EndGlobalSection
	GlobalSection(ExtensibilityGlobals) = postSolution
		SolutionGuid = {700F1096-41BB-4F71-ABE3-9089FFC29AEE}
	EndGlobalSection
=======
﻿Microsoft Visual Studio Solution File, Format Version 12.00
# Visual Studio Version 17
VisualStudioVersion = 17.9.34622.214
MinimumVisualStudioVersion = 10.0.40219.1
Project("{FAE04EC0-301F-11D3-BF4B-00C04F79EFBC}") = "JH_DataAnalyzer", "src\JH_DataAnalyzer.csproj", "{916DA7E2-EE8C-4F57-84BE-344AE87ABC30}"
EndProject
Project("{2150E333-8FDC-42A3-9474-1A3956D46DE8}") = "tests", "tests", "{C257FDBB-FAD2-48D3-87BB-75D7FF7AA57B}"
EndProject
Project("{FAE04EC0-301F-11D3-BF4B-00C04F79EFBC}") = "JH_DataAnalyzer.Tests", "tests\JH_DataAnalyzer.Tests\JH_DataAnalyzer.Tests.csproj", "{13E9A993-0551-4F60-B455-E46A4F9876D6}"
EndProject
Global
	GlobalSection(SolutionConfigurationPlatforms) = preSolution
		Debug|Any CPU = Debug|Any CPU
		Release|Any CPU = Release|Any CPU
	EndGlobalSection
	GlobalSection(ProjectConfigurationPlatforms) = postSolution
		{916DA7E2-EE8C-4F57-84BE-344AE87ABC30}.Debug|Any CPU.ActiveCfg = Debug|Any CPU
		{916DA7E2-EE8C-4F57-84BE-344AE87ABC30}.Debug|Any CPU.Build.0 = Debug|Any CPU
		{916DA7E2-EE8C-4F57-84BE-344AE87ABC30}.Release|Any CPU.ActiveCfg = Release|Any CPU
		{916DA7E2-EE8C-4F57-84BE-344AE87ABC30}.Release|Any CPU.Build.0 = Release|Any CPU
		{13E9A993-0551-4F60-B455-E46A4F9876D6}.Debug|Any CPU.ActiveCfg = Debug|Any CPU
		{13E9A993-0551-4F60-B455-E46A4F9876D6}.Debug|Any CPU.Build.0 = Debug|Any CPU
		{13E9A993-0551-4F60-B455-E46A4F9876D6}.Release|Any CPU.ActiveCfg = Release|Any CPU
		{13E9A993-0551-4F60-B455-E46A4F9876D6}.Release|Any CPU.Build.0 = Release|Any CPU
	EndGlobalSection
	GlobalSection(SolutionProperties) = preSolution
		HideSolutionNode = FALSE
	EndGlobalSection
	GlobalSection(NestedProjects) = preSolution
		{13E9A993-0551-4F60-B455-E46A4F9876D6} = {C257FDBB-FAD2-48D3-87BB-75D7FF7AA57B}
	EndGlobalSection
	GlobalSection(ExtensibilityGlobals) = postSolution
		SolutionGuid = {700F1096-41BB-4F71-ABE3-9089FFC29AEE}
	EndGlobalSection
>>>>>>> 3d7f3e0c2b277174999b92e372644cb898d4c6bf
EndGlobal
>>>>>>> 72bd1ab45b7a7aa97ea1c45d04c67c83e215162e
